{
  "name": "gbit-shell",
  "version": "1.0.0",
  "lockfileVersion": 3,
  "requires": true,
  "packages": {
    "": {
      "name": "gbit-shell",
      "version": "1.0.0",
      "license": "MIT",
      "os": [
        "linux",
        "darwin",
        "win32"
      ],
      "bin": {
        "gbit": "bin/gbit.js",
        "gbit-shell": "bin/gbit.js"
      },
      "engines": {
        "node": ">=14.0.0"
      }
    }
  }
}
